
Microsoft Visual Studio Solution File, Format Version 12.00
# Visual Studio Version 16
VisualStudioVersion = 16.0.30611.23
MinimumVisualStudioVersion = 10.0.40219.1
Project("{FAE04EC0-301F-11D3-BF4B-00C04F79EFBC}") = "Lab4", "Lab4\Lab4.csproj", "{9DFC501D-47BA-47F4-A009-CC397119BB95}"
EndProject
Global
	GlobalSection(SolutionConfigurationPlatforms) = preSolution
		Debug|Any CPU = Debug|Any CPU
		Release|Any CPU = Release|Any CPU
	EndGlobalSection
	GlobalSection(ProjectConfigurationPlatforms) = postSolution
		{9DFC501D-47BA-47F4-A009-CC397119BB95}.Debug|Any CPU.ActiveCfg = Debug|Any CPU
		{9DFC501D-47BA-47F4-A009-CC397119BB95}.Debug|Any CPU.Build.0 = Debug|Any CPU
		{9DFC501D-47BA-47F4-A009-CC397119BB95}.Release|Any CPU.ActiveCfg = Release|Any CPU
		{9DFC501D-47BA-47F4-A009-CC397119BB95}.Release|Any CPU.Build.0 = Release|Any CPU
	EndGlobalSection
	GlobalSection(SolutionProperties) = preSolution
		HideSolutionNode = FALSE
	EndGlobalSection
	GlobalSection(ExtensibilityGlobals) = postSolution
		SolutionGuid = {C5310806-239D-4F88-A481-7BB8B8CB8EE4}
	EndGlobalSection
EndGlobal
