
Microsoft Visual Studio Solution File, Format Version 12.00
# Visual Studio Version 16
VisualStudioVersion = 16.0.30611.23
MinimumVisualStudioVersion = 10.0.40219.1
Project("{FAE04EC0-301F-11D3-BF4B-00C04F79EFBC}") = "Lab01", "Lab01\Lab01.csproj", "{AA8A5B2D-4ED0-4662-B1E9-3B11C7BCBBCC}"
EndProject
Global
	GlobalSection(SolutionConfigurationPlatforms) = preSolution
		Debug|Any CPU = Debug|Any CPU
		Release|Any CPU = Release|Any CPU
	EndGlobalSection
	GlobalSection(ProjectConfigurationPlatforms) = postSolution
		{AA8A5B2D-4ED0-4662-B1E9-3B11C7BCBBCC}.Debug|Any CPU.ActiveCfg = Debug|Any CPU
		{AA8A5B2D-4ED0-4662-B1E9-3B11C7BCBBCC}.Debug|Any CPU.Build.0 = Debug|Any CPU
		{AA8A5B2D-4ED0-4662-B1E9-3B11C7BCBBCC}.Release|Any CPU.ActiveCfg = Release|Any CPU
		{AA8A5B2D-4ED0-4662-B1E9-3B11C7BCBBCC}.Release|Any CPU.Build.0 = Release|Any CPU
	EndGlobalSection
	GlobalSection(SolutionProperties) = preSolution
		HideSolutionNode = FALSE
	EndGlobalSection
	GlobalSection(ExtensibilityGlobals) = postSolution
		SolutionGuid = {FE24A29F-9BAF-4335-869B-452A16570630}
	EndGlobalSection
EndGlobal
